{
  "requires": true,
  "lockfileVersion": 1,
  "dependencies": {
    "react-confetti": {
      "version": "2.6.0",
      "resolved": "https://registry.npmjs.org/react-confetti/-/react-confetti-2.6.0.tgz",
      "integrity": "sha512-ztrnGSvpzSQ56WDOdA7Gk74wVeDZMwJa4voRo70r3HMwoyh4ynUxc+Xg/K0L/ot4lcv4nqF2Ds8u5VG6N6UbbA==",
      "requires": {
        "tween-functions": "^1.2.0"
      }
    },
    "tween-functions": {
      "version": "1.2.0",
      "resolved": "https://registry.npmjs.org/tween-functions/-/tween-functions-1.2.0.tgz",
      "integrity": "sha1-GuOlDnxguz3vd06scHrLynO7w/8="
    }
  }
}
